<?xml version="1.0" encoding="UTF-8" standalone="yes" ?>
<CodeBlocks_project_file>
   <FileVersion major="1" minor="6" />
   <Project>
      <Option title="ckinect_pcmerge2" />
      <Option makefile_is_custom="1" />
      <Option compiler="gcc" />
      <Option virtualFolders="CMake Files\;CMake Files\..\;CMake Files\..\..\;CMake Files\..\..\..\;CMake Files\..\..\..\..\;CMake Files\..\..\..\..\..\;CMake Files\..\..\..\..\..\opt\;CMake Files\..\..\..\..\..\opt\ros\;CMake Files\..\..\..\..\..\opt\ros\fuerte\;CMake Files\..\..\..\..\..\opt\ros\fuerte\share\;CMake Files\..\..\..\..\..\opt\ros\fuerte\share\ros\;CMake Files\..\..\..\..\..\opt\ros\fuerte\share\ros\core\;CMake Files\..\..\..\..\..\opt\ros\fuerte\share\ros\core\rosbuild\;CMake Files\..\..\..\..\..\opt\ros\fuerte\share\roslang\;CMake Files\..\..\..\..\..\opt\ros\fuerte\share\roslang\cmake\;CMake Files\..\..\..\..\..\opt\ros\fuerte\share\roslisp\;CMake Files\..\..\..\..\..\opt\ros\fuerte\share\roslisp\rosbuild\;CMake Files\..\..\..\..\..\opt\ros\fuerte\share\rospy\;CMake Files\..\..\..\..\..\opt\ros\fuerte\share\rospy\rosbuild\;CMake Files\..\..\..\..\..\opt\ros\fuerte\share\roscpp\;CMake Files\..\..\..\..\..\opt\ros\fuerte\share\roscpp\rosbuild\;" />
      <Build>
      <Target title="all">
         <Option working_dir="/home/dhri-karl/tum-lsr-dhri/pointcloud/ckinect_pcmerge2-build" />
         <Option type="4" />
         <MakeCommands>
            <Build command="/usr/bin/make -f &quot;/home/dhri-karl/tum-lsr-dhri/pointcloud/ckinect_pcmerge2-build/Makefile&quot;  VERBOSE=1 all" />
            <CompileFile command="/usr/bin/make -f &quot;/home/dhri-karl/tum-lsr-dhri/pointcloud/ckinect_pcmerge2-build/Makefile&quot;  VERBOSE=1 &quot;$file&quot;" />
            <Clean command="/usr/bin/make -f &quot;/home/dhri-karl/tum-lsr-dhri/pointcloud/ckinect_pcmerge2-build/Makefile&quot;  VERBOSE=1 clean" />
            <DistClean command="/usr/bin/make -f &quot;/home/dhri-karl/tum-lsr-dhri/pointcloud/ckinect_pcmerge2-build/Makefile&quot;  VERBOSE=1 clean" />
         </MakeCommands>
      </Target>
      <Target title="ROSBUILD_genmsg_cpp">
         <Option working_dir="/home/dhri-karl/tum-lsr-dhri/pointcloud/ckinect_pcmerge2-build" />
         <Option type="4" />
         <MakeCommands>
            <Build command="/usr/bin/make -f &quot;/home/dhri-karl/tum-lsr-dhri/pointcloud/ckinect_pcmerge2-build/Makefile&quot;  VERBOSE=1 ROSBUILD_genmsg_cpp" />
            <CompileFile command="/usr/bin/make -f &quot;/home/dhri-karl/tum-lsr-dhri/pointcloud/ckinect_pcmerge2-build/Makefile&quot;  VERBOSE=1 &quot;$file&quot;" />
            <Clean command="/usr/bin/make -f &quot;/home/dhri-karl/tum-lsr-dhri/pointcloud/ckinect_pcmerge2-build/Makefile&quot;  VERBOSE=1 clean" />
            <DistClean command="/usr/bin/make -f &quot;/home/dhri-karl/tum-lsr-dhri/pointcloud/ckinect_pcmerge2-build/Makefile&quot;  VERBOSE=1 clean" />
         </MakeCommands>
      </Target>
      <Target title="ROSBUILD_genmsg_lisp">
         <Option working_dir="/home/dhri-karl/tum-lsr-dhri/pointcloud/ckinect_pcmerge2-build" />
         <Option type="4" />
         <MakeCommands>
            <Build command="/usr/bin/make -f &quot;/home/dhri-karl/tum-lsr-dhri/pointcloud/ckinect_pcmerge2-build/Makefile&quot;  VERBOSE=1 ROSBUILD_genmsg_lisp" />
            <CompileFile command="/usr/bin/make -f &quot;/home/dhri-karl/tum-lsr-dhri/pointcloud/ckinect_pcmerge2-build/Makefile&quot;  VERBOSE=1 &quot;$file&quot;" />
            <Clean command="/usr/bin/make -f &quot;/home/dhri-karl/tum-lsr-dhri/pointcloud/ckinect_pcmerge2-build/Makefile&quot;  VERBOSE=1 clean" />
            <DistClean command="/usr/bin/make -f &quot;/home/dhri-karl/tum-lsr-dhri/pointcloud/ckinect_pcmerge2-build/Makefile&quot;  VERBOSE=1 clean" />
         </MakeCommands>
      </Target>
      <Target title="ROSBUILD_gensrv_cpp">
         <Option working_dir="/home/dhri-karl/tum-lsr-dhri/pointcloud/ckinect_pcmerge2-build" />
         <Option type="4" />
         <MakeCommands>
            <Build command="/usr/bin/make -f &quot;/home/dhri-karl/tum-lsr-dhri/pointcloud/ckinect_pcmerge2-build/Makefile&quot;  VERBOSE=1 ROSBUILD_gensrv_cpp" />
            <CompileFile command="/usr/bin/make -f &quot;/home/dhri-karl/tum-lsr-dhri/pointcloud/ckinect_pcmerge2-build/Makefile&quot;  VERBOSE=1 &quot;$file&quot;" />
            <Clean command="/usr/bin/make -f &quot;/home/dhri-karl/tum-lsr-dhri/pointcloud/ckinect_pcmerge2-build/Makefile&quot;  VERBOSE=1 clean" />
            <DistClean command="/usr/bin/make -f &quot;/home/dhri-karl/tum-lsr-dhri/pointcloud/ckinect_pcmerge2-build/Makefile&quot;  VERBOSE=1 clean" />
         </MakeCommands>
      </Target>
      <Target title="ROSBUILD_gensrv_lisp">
         <Option working_dir="/home/dhri-karl/tum-lsr-dhri/pointcloud/ckinect_pcmerge2-build" />
         <Option type="4" />
         <MakeCommands>
            <Build command="/usr/bin/make -f &quot;/home/dhri-karl/tum-lsr-dhri/pointcloud/ckinect_pcmerge2-build/Makefile&quot;  VERBOSE=1 ROSBUILD_gensrv_lisp" />
            <CompileFile command="/usr/bin/make -f &quot;/home/dhri-karl/tum-lsr-dhri/pointcloud/ckinect_pcmerge2-build/Makefile&quot;  VERBOSE=1 &quot;$file&quot;" />
            <Clean command="/usr/bin/make -f &quot;/home/dhri-karl/tum-lsr-dhri/pointcloud/ckinect_pcmerge2-build/Makefile&quot;  VERBOSE=1 clean" />
            <DistClean command="/usr/bin/make -f &quot;/home/dhri-karl/tum-lsr-dhri/pointcloud/ckinect_pcmerge2-build/Makefile&quot;  VERBOSE=1 clean" />
         </MakeCommands>
      </Target>
      <Target title="ckinect_pcmerge2">
         <Option output="/home/dhri-karl/tum-lsr-dhri/pointcloud/ckinect_pcmerge2/bin/ckinect_pcmerge2" prefix_auto="0" extension_auto="0" />
         <Option working_dir="/home/dhri-karl/tum-lsr-dhri/pointcloud/ckinect_pcmerge2/bin" />
         <Option object_output="./" />
         <Option type="1" />
         <Option compiler="gcc" />
         <Compiler>
            <Add option="-DQT_OPENGL_LIB" />
            <Add option="-DQT_GUI_LIB" />
            <Add option="-DQT_CORE_LIB" />
            <Add directory="/home/dhri-karl/tum-lsr-dhri/pointcloud/ckinect_pcmerge2-build" />
            <Add directory="/home/dhri-karl/tum-lsr-dhri/pointcloud/ckinect_pcmerge2/include" />
            <Add directory="/home/dhri-karl/tum-lsr-dhri/pointcloud/include" />
            <Add directory="/home/dhri-karl/tum-lsr-dhri/pointcloud/include/pcfilter" />
            <Add directory="/opt/ros/fuerte/include" />
            <Add directory="/opt/ros/fuerte/include/opencv" />
            <Add directory="/opt/ros/fuerte/include/pcl-1.5" />
            <Add directory="/opt/ros/fuerte/stacks/bond_core/bond/msg_gen/cpp/include" />
            <Add directory="/opt/ros/fuerte/stacks/bond_core/bondcpp/include" />
            <Add directory="/opt/ros/fuerte/stacks/bond_core/smclib/include" />
            <Add directory="/opt/ros/fuerte/stacks/bullet/include" />
            <Add directory="/opt/ros/fuerte/stacks/dynamic_reconfigure/include" />
            <Add directory="/opt/ros/fuerte/stacks/dynamic_reconfigure/msg/cpp" />
            <Add directory="/opt/ros/fuerte/stacks/dynamic_reconfigure/msg_gen/cpp/include" />
            <Add directory="/opt/ros/fuerte/stacks/dynamic_reconfigure/srv/cpp" />
            <Add directory="/opt/ros/fuerte/stacks/dynamic_reconfigure/srv_gen/cpp/include" />
            <Add directory="/opt/ros/fuerte/stacks/geometry/angles/include" />
            <Add directory="/opt/ros/fuerte/stacks/geometry/tf/include" />
            <Add directory="/opt/ros/fuerte/stacks/geometry/tf/msg_gen/cpp/include" />
            <Add directory="/opt/ros/fuerte/stacks/geometry/tf/srv_gen/cpp/include" />
            <Add directory="/opt/ros/fuerte/stacks/nodelet_core/nodelet/include" />
            <Add directory="/opt/ros/fuerte/stacks/nodelet_core/nodelet/srv_gen/cpp/include" />
            <Add directory="/opt/ros/fuerte/stacks/nodelet_core/nodelet_topic_tools/include" />
            <Add directory="/opt/ros/fuerte/stacks/perception_pcl/pcl_ros/cfg/cpp" />
            <Add directory="/opt/ros/fuerte/stacks/perception_pcl/pcl_ros/include" />
            <Add directory="/opt/ros/fuerte/stacks/pluginlib" />
            <Add directory="/opt/ros/fuerte/stacks/pluginlib/include" />
            <Add directory="/opt/ros/fuerte/stacks/vision_opencv/cv_bridge/include" />
            <Add directory="/usr/include" />
            <Add directory="/usr/include/c++/4.6" />
            <Add directory="/usr/include/c++/4.6/backward" />
            <Add directory="/usr/include/c++/4.6/x86_64-linux-gnu/." />
            <Add directory="/usr/include/eigen3" />
            <Add directory="/usr/include/ni" />
            <Add directory="/usr/include/qt4" />
            <Add directory="/usr/include/qt4/QtCore" />
            <Add directory="/usr/include/qt4/QtGui" />
            <Add directory="/usr/include/qt4/QtOpenGL" />
            <Add directory="/usr/include/x86_64-linux-gnu" />
            <Add directory="/usr/lib/gcc/x86_64-linux-gnu/4.6/include" />
            <Add directory="/usr/lib/gcc/x86_64-linux-gnu/4.6/include-fixed" />
            <Add directory="/usr/local/include" />
         </Compiler>
         <MakeCommands>
            <Build command="/usr/bin/make -f &quot;/home/dhri-karl/tum-lsr-dhri/pointcloud/ckinect_pcmerge2-build/Makefile&quot;  VERBOSE=1 ckinect_pcmerge2" />
            <CompileFile command="/usr/bin/make -f &quot;/home/dhri-karl/tum-lsr-dhri/pointcloud/ckinect_pcmerge2-build/Makefile&quot;  VERBOSE=1 &quot;$file&quot;" />
            <Clean command="/usr/bin/make -f &quot;/home/dhri-karl/tum-lsr-dhri/pointcloud/ckinect_pcmerge2-build/Makefile&quot;  VERBOSE=1 clean" />
            <DistClean command="/usr/bin/make -f &quot;/home/dhri-karl/tum-lsr-dhri/pointcloud/ckinect_pcmerge2-build/Makefile&quot;  VERBOSE=1 clean" />
         </MakeCommands>
      </Target>
      <Target title="ckinect_pcmerge2/fast">
         <Option output="/home/dhri-karl/tum-lsr-dhri/pointcloud/ckinect_pcmerge2/bin/ckinect_pcmerge2" prefix_auto="0" extension_auto="0" />
         <Option working_dir="/home/dhri-karl/tum-lsr-dhri/pointcloud/ckinect_pcmerge2/bin" />
         <Option object_output="./" />
         <Option type="1" />
         <Option compiler="gcc" />
         <Compiler>
            <Add option="-DQT_OPENGL_LIB" />
            <Add option="-DQT_GUI_LIB" />
            <Add option="-DQT_CORE_LIB" />
            <Add directory="/home/dhri-karl/tum-lsr-dhri/pointcloud/ckinect_pcmerge2-build" />
            <Add directory="/home/dhri-karl/tum-lsr-dhri/pointcloud/ckinect_pcmerge2/include" />
            <Add directory="/home/dhri-karl/tum-lsr-dhri/pointcloud/include" />
            <Add directory="/home/dhri-karl/tum-lsr-dhri/pointcloud/include/pcfilter" />
            <Add directory="/opt/ros/fuerte/include" />
            <Add directory="/opt/ros/fuerte/include/opencv" />
            <Add directory="/opt/ros/fuerte/include/pcl-1.5" />
            <Add directory="/opt/ros/fuerte/stacks/bond_core/bond/msg_gen/cpp/include" />
            <Add directory="/opt/ros/fuerte/stacks/bond_core/bondcpp/include" />
            <Add directory="/opt/ros/fuerte/stacks/bond_core/smclib/include" />
            <Add directory="/opt/ros/fuerte/stacks/bullet/include" />
            <Add directory="/opt/ros/fuerte/stacks/dynamic_reconfigure/include" />
            <Add directory="/opt/ros/fuerte/stacks/dynamic_reconfigure/msg/cpp" />
            <Add directory="/opt/ros/fuerte/stacks/dynamic_reconfigure/msg_gen/cpp/include" />
            <Add directory="/opt/ros/fuerte/stacks/dynamic_reconfigure/srv/cpp" />
            <Add directory="/opt/ros/fuerte/stacks/dynamic_reconfigure/srv_gen/cpp/include" />
            <Add directory="/opt/ros/fuerte/stacks/geometry/angles/include" />
            <Add directory="/opt/ros/fuerte/stacks/geometry/tf/include" />
            <Add directory="/opt/ros/fuerte/stacks/geometry/tf/msg_gen/cpp/include" />
            <Add directory="/opt/ros/fuerte/stacks/geometry/tf/srv_gen/cpp/include" />
            <Add directory="/opt/ros/fuerte/stacks/nodelet_core/nodelet/include" />
            <Add directory="/opt/ros/fuerte/stacks/nodelet_core/nodelet/srv_gen/cpp/include" />
            <Add directory="/opt/ros/fuerte/stacks/nodelet_core/nodelet_topic_tools/include" />
            <Add directory="/opt/ros/fuerte/stacks/perception_pcl/pcl_ros/cfg/cpp" />
            <Add directory="/opt/ros/fuerte/stacks/perception_pcl/pcl_ros/include" />
            <Add directory="/opt/ros/fuerte/stacks/pluginlib" />
            <Add directory="/opt/ros/fuerte/stacks/pluginlib/include" />
            <Add directory="/opt/ros/fuerte/stacks/vision_opencv/cv_bridge/include" />
            <Add directory="/usr/include" />
            <Add directory="/usr/include/c++/4.6" />
            <Add directory="/usr/include/c++/4.6/backward" />
            <Add directory="/usr/include/c++/4.6/x86_64-linux-gnu/." />
            <Add directory="/usr/include/eigen3" />
            <Add directory="/usr/include/ni" />
            <Add directory="/usr/include/qt4" />
            <Add directory="/usr/include/qt4/QtCore" />
            <Add directory="/usr/include/qt4/QtGui" />
            <Add directory="/usr/include/qt4/QtOpenGL" />
            <Add directory="/usr/include/x86_64-linux-gnu" />
            <Add directory="/usr/lib/gcc/x86_64-linux-gnu/4.6/include" />
            <Add directory="/usr/lib/gcc/x86_64-linux-gnu/4.6/include-fixed" />
            <Add directory="/usr/local/include" />
         </Compiler>
         <MakeCommands>
            <Build command="/usr/bin/make -f &quot;/home/dhri-karl/tum-lsr-dhri/pointcloud/ckinect_pcmerge2-build/Makefile&quot;  VERBOSE=1 ckinect_pcmerge2/fast" />
            <CompileFile command="/usr/bin/make -f &quot;/home/dhri-karl/tum-lsr-dhri/pointcloud/ckinect_pcmerge2-build/Makefile&quot;  VERBOSE=1 &quot;$file&quot;" />
            <Clean command="/usr/bin/make -f &quot;/home/dhri-karl/tum-lsr-dhri/pointcloud/ckinect_pcmerge2-build/Makefile&quot;  VERBOSE=1 clean" />
            <DistClean command="/usr/bin/make -f &quot;/home/dhri-karl/tum-lsr-dhri/pointcloud/ckinect_pcmerge2-build/Makefile&quot;  VERBOSE=1 clean" />
         </MakeCommands>
      </Target>
      <Target title="clean-test-results">
         <Option working_dir="/home/dhri-karl/tum-lsr-dhri/pointcloud/ckinect_pcmerge2-build" />
         <Option type="4" />
         <MakeCommands>
            <Build command="/usr/bin/make -f &quot;/home/dhri-karl/tum-lsr-dhri/pointcloud/ckinect_pcmerge2-build/Makefile&quot;  VERBOSE=1 clean-test-results" />
            <CompileFile command="/usr/bin/make -f &quot;/home/dhri-karl/tum-lsr-dhri/pointcloud/ckinect_pcmerge2-build/Makefile&quot;  VERBOSE=1 &quot;$file&quot;" />
            <Clean command="/usr/bin/make -f &quot;/home/dhri-karl/tum-lsr-dhri/pointcloud/ckinect_pcmerge2-build/Makefile&quot;  VERBOSE=1 clean" />
            <DistClean command="/usr/bin/make -f &quot;/home/dhri-karl/tum-lsr-dhri/pointcloud/ckinect_pcmerge2-build/Makefile&quot;  VERBOSE=1 clean" />
         </MakeCommands>
      </Target>
      <Target title="rebuild_cache">
         <Option working_dir="/home/dhri-karl/tum-lsr-dhri/pointcloud/ckinect_pcmerge2-build" />
         <Option type="4" />
         <MakeCommands>
            <Build command="/usr/bin/make -f &quot;/home/dhri-karl/tum-lsr-dhri/pointcloud/ckinect_pcmerge2-build/Makefile&quot;  VERBOSE=1 rebuild_cache" />
            <CompileFile command="/usr/bin/make -f &quot;/home/dhri-karl/tum-lsr-dhri/pointcloud/ckinect_pcmerge2-build/Makefile&quot;  VERBOSE=1 &quot;$file&quot;" />
            <Clean command="/usr/bin/make -f &quot;/home/dhri-karl/tum-lsr-dhri/pointcloud/ckinect_pcmerge2-build/Makefile&quot;  VERBOSE=1 clean" />
            <DistClean command="/usr/bin/make -f &quot;/home/dhri-karl/tum-lsr-dhri/pointcloud/ckinect_pcmerge2-build/Makefile&quot;  VERBOSE=1 clean" />
         </MakeCommands>
      </Target>
      <Target title="rosbuild_precompile">
         <Option working_dir="/home/dhri-karl/tum-lsr-dhri/pointcloud/ckinect_pcmerge2-build" />
         <Option type="4" />
         <MakeCommands>
            <Build command="/usr/bin/make -f &quot;/home/dhri-karl/tum-lsr-dhri/pointcloud/ckinect_pcmerge2-build/Makefile&quot;  VERBOSE=1 rosbuild_precompile" />
            <CompileFile command="/usr/bin/make -f &quot;/home/dhri-karl/tum-lsr-dhri/pointcloud/ckinect_pcmerge2-build/Makefile&quot;  VERBOSE=1 &quot;$file&quot;" />
            <Clean command="/usr/bin/make -f &quot;/home/dhri-karl/tum-lsr-dhri/pointcloud/ckinect_pcmerge2-build/Makefile&quot;  VERBOSE=1 clean" />
            <DistClean command="/usr/bin/make -f &quot;/home/dhri-karl/tum-lsr-dhri/pointcloud/ckinect_pcmerge2-build/Makefile&quot;  VERBOSE=1 clean" />
         </MakeCommands>
      </Target>
      <Target title="rosbuild_premsgsrvgen">
         <Option working_dir="/home/dhri-karl/tum-lsr-dhri/pointcloud/ckinect_pcmerge2-build" />
         <Option type="4" />
         <MakeCommands>
            <Build command="/usr/bin/make -f &quot;/home/dhri-karl/tum-lsr-dhri/pointcloud/ckinect_pcmerge2-build/Makefile&quot;  VERBOSE=1 rosbuild_premsgsrvgen" />
            <CompileFile command="/usr/bin/make -f &quot;/home/dhri-karl/tum-lsr-dhri/pointcloud/ckinect_pcmerge2-build/Makefile&quot;  VERBOSE=1 &quot;$file&quot;" />
            <Clean command="/usr/bin/make -f &quot;/home/dhri-karl/tum-lsr-dhri/pointcloud/ckinect_pcmerge2-build/Makefile&quot;  VERBOSE=1 clean" />
            <DistClean command="/usr/bin/make -f &quot;/home/dhri-karl/tum-lsr-dhri/pointcloud/ckinect_pcmerge2-build/Makefile&quot;  VERBOSE=1 clean" />
         </MakeCommands>
      </Target>
      <Target title="rospack_genmsg">
         <Option working_dir="/home/dhri-karl/tum-lsr-dhri/pointcloud/ckinect_pcmerge2-build" />
         <Option type="4" />
         <MakeCommands>
            <Build command="/usr/bin/make -f &quot;/home/dhri-karl/tum-lsr-dhri/pointcloud/ckinect_pcmerge2-build/Makefile&quot;  VERBOSE=1 rospack_genmsg" />
            <CompileFile command="/usr/bin/make -f &quot;/home/dhri-karl/tum-lsr-dhri/pointcloud/ckinect_pcmerge2-build/Makefile&quot;  VERBOSE=1 &quot;$file&quot;" />
            <Clean command="/usr/bin/make -f &quot;/home/dhri-karl/tum-lsr-dhri/pointcloud/ckinect_pcmerge2-build/Makefile&quot;  VERBOSE=1 clean" />
            <DistClean command="/usr/bin/make -f &quot;/home/dhri-karl/tum-lsr-dhri/pointcloud/ckinect_pcmerge2-build/Makefile&quot;  VERBOSE=1 clean" />
         </MakeCommands>
      </Target>
      <Target title="rospack_genmsg_libexe">
         <Option working_dir="/home/dhri-karl/tum-lsr-dhri/pointcloud/ckinect_pcmerge2-build" />
         <Option type="4" />
         <MakeCommands>
            <Build command="/usr/bin/make -f &quot;/home/dhri-karl/tum-lsr-dhri/pointcloud/ckinect_pcmerge2-build/Makefile&quot;  VERBOSE=1 rospack_genmsg_libexe" />
            <CompileFile command="/usr/bin/make -f &quot;/home/dhri-karl/tum-lsr-dhri/pointcloud/ckinect_pcmerge2-build/Makefile&quot;  VERBOSE=1 &quot;$file&quot;" />
            <Clean command="/usr/bin/make -f &quot;/home/dhri-karl/tum-lsr-dhri/pointcloud/ckinect_pcmerge2-build/Makefile&quot;  VERBOSE=1 clean" />
            <DistClean command="/usr/bin/make -f &quot;/home/dhri-karl/tum-lsr-dhri/pointcloud/ckinect_pcmerge2-build/Makefile&quot;  VERBOSE=1 clean" />
         </MakeCommands>
      </Target>
      <Target title="rospack_gensrv">
         <Option working_dir="/home/dhri-karl/tum-lsr-dhri/pointcloud/ckinect_pcmerge2-build" />
         <Option type="4" />
         <MakeCommands>
            <Build command="/usr/bin/make -f &quot;/home/dhri-karl/tum-lsr-dhri/pointcloud/ckinect_pcmerge2-build/Makefile&quot;  VERBOSE=1 rospack_gensrv" />
            <CompileFile command="/usr/bin/make -f &quot;/home/dhri-karl/tum-lsr-dhri/pointcloud/ckinect_pcmerge2-build/Makefile&quot;  VERBOSE=1 &quot;$file&quot;" />
            <Clean command="/usr/bin/make -f &quot;/home/dhri-karl/tum-lsr-dhri/pointcloud/ckinect_pcmerge2-build/Makefile&quot;  VERBOSE=1 clean" />
            <DistClean command="/usr/bin/make -f &quot;/home/dhri-karl/tum-lsr-dhri/pointcloud/ckinect_pcmerge2-build/Makefile&quot;  VERBOSE=1 clean" />
         </MakeCommands>
      </Target>
      <Target title="test">
         <Option working_dir="/home/dhri-karl/tum-lsr-dhri/pointcloud/ckinect_pcmerge2-build" />
         <Option type="4" />
         <MakeCommands>
            <Build command="/usr/bin/make -f &quot;/home/dhri-karl/tum-lsr-dhri/pointcloud/ckinect_pcmerge2-build/Makefile&quot;  VERBOSE=1 test" />
            <CompileFile command="/usr/bin/make -f &quot;/home/dhri-karl/tum-lsr-dhri/pointcloud/ckinect_pcmerge2-build/Makefile&quot;  VERBOSE=1 &quot;$file&quot;" />
            <Clean command="/usr/bin/make -f &quot;/home/dhri-karl/tum-lsr-dhri/pointcloud/ckinect_pcmerge2-build/Makefile&quot;  VERBOSE=1 clean" />
            <DistClean command="/usr/bin/make -f &quot;/home/dhri-karl/tum-lsr-dhri/pointcloud/ckinect_pcmerge2-build/Makefile&quot;  VERBOSE=1 clean" />
         </MakeCommands>
      </Target>
      <Target title="test-future">
         <Option working_dir="/home/dhri-karl/tum-lsr-dhri/pointcloud/ckinect_pcmerge2-build" />
         <Option type="4" />
         <MakeCommands>
            <Build command="/usr/bin/make -f &quot;/home/dhri-karl/tum-lsr-dhri/pointcloud/ckinect_pcmerge2-build/Makefile&quot;  VERBOSE=1 test-future" />
            <CompileFile command="/usr/bin/make -f &quot;/home/dhri-karl/tum-lsr-dhri/pointcloud/ckinect_pcmerge2-build/Makefile&quot;  VERBOSE=1 &quot;$file&quot;" />
            <Clean command="/usr/bin/make -f &quot;/home/dhri-karl/tum-lsr-dhri/pointcloud/ckinect_pcmerge2-build/Makefile&quot;  VERBOSE=1 clean" />
            <DistClean command="/usr/bin/make -f &quot;/home/dhri-karl/tum-lsr-dhri/pointcloud/ckinect_pcmerge2-build/Makefile&quot;  VERBOSE=1 clean" />
         </MakeCommands>
      </Target>
      <Target title="test-results">
         <Option working_dir="/home/dhri-karl/tum-lsr-dhri/pointcloud/ckinect_pcmerge2-build" />
         <Option type="4" />
         <MakeCommands>
            <Build command="/usr/bin/make -f &quot;/home/dhri-karl/tum-lsr-dhri/pointcloud/ckinect_pcmerge2-build/Makefile&quot;  VERBOSE=1 test-results" />
            <CompileFile command="/usr/bin/make -f &quot;/home/dhri-karl/tum-lsr-dhri/pointcloud/ckinect_pcmerge2-build/Makefile&quot;  VERBOSE=1 &quot;$file&quot;" />
            <Clean command="/usr/bin/make -f &quot;/home/dhri-karl/tum-lsr-dhri/pointcloud/ckinect_pcmerge2-build/Makefile&quot;  VERBOSE=1 clean" />
            <DistClean command="/usr/bin/make -f &quot;/home/dhri-karl/tum-lsr-dhri/pointcloud/ckinect_pcmerge2-build/Makefile&quot;  VERBOSE=1 clean" />
         </MakeCommands>
      </Target>
      <Target title="test-results-run">
         <Option working_dir="/home/dhri-karl/tum-lsr-dhri/pointcloud/ckinect_pcmerge2-build" />
         <Option type="4" />
         <MakeCommands>
            <Build command="/usr/bin/make -f &quot;/home/dhri-karl/tum-lsr-dhri/pointcloud/ckinect_pcmerge2-build/Makefile&quot;  VERBOSE=1 test-results-run" />
            <CompileFile command="/usr/bin/make -f &quot;/home/dhri-karl/tum-lsr-dhri/pointcloud/ckinect_pcmerge2-build/Makefile&quot;  VERBOSE=1 &quot;$file&quot;" />
            <Clean command="/usr/bin/make -f &quot;/home/dhri-karl/tum-lsr-dhri/pointcloud/ckinect_pcmerge2-build/Makefile&quot;  VERBOSE=1 clean" />
            <DistClean command="/usr/bin/make -f &quot;/home/dhri-karl/tum-lsr-dhri/pointcloud/ckinect_pcmerge2-build/Makefile&quot;  VERBOSE=1 clean" />
         </MakeCommands>
      </Target>
      <Target title="tests">
         <Option working_dir="/home/dhri-karl/tum-lsr-dhri/pointcloud/ckinect_pcmerge2-build" />
         <Option type="4" />
         <MakeCommands>
            <Build command="/usr/bin/make -f &quot;/home/dhri-karl/tum-lsr-dhri/pointcloud/ckinect_pcmerge2-build/Makefile&quot;  VERBOSE=1 tests" />
            <CompileFile command="/usr/bin/make -f &quot;/home/dhri-karl/tum-lsr-dhri/pointcloud/ckinect_pcmerge2-build/Makefile&quot;  VERBOSE=1 &quot;$file&quot;" />
            <Clean command="/usr/bin/make -f &quot;/home/dhri-karl/tum-lsr-dhri/pointcloud/ckinect_pcmerge2-build/Makefile&quot;  VERBOSE=1 clean" />
            <DistClean command="/usr/bin/make -f &quot;/home/dhri-karl/tum-lsr-dhri/pointcloud/ckinect_pcmerge2-build/Makefile&quot;  VERBOSE=1 clean" />
         </MakeCommands>
      </Target>
      </Build>
      <Unit filename="/home/dhri-karl/tum-lsr-dhri/pointcloud/ckinect_pcmerge2/src/ckinect_pcmerge2.cpp">
      </Unit>
      <Unit filename="/home/dhri-karl/tum-lsr-dhri/pointcloud/ckinect_pcmerge2/src/mainwindow.cpp">
      </Unit>
      <Unit filename="/home/dhri-karl/tum-lsr-dhri/pointcloud/include/ckinectpcmerge.cpp">
      </Unit>
      <Unit filename="/home/dhri-karl/tum-lsr-dhri/pointcloud/include/ckinectthread.cpp">
      </Unit>
      <Unit filename="/home/dhri-karl/tum-lsr-dhri/pointcloud/include/qnode.cpp">
      </Unit>
      <Unit filename="/home/dhri-karl/tum-lsr-dhri/pointcloud/ckinect_pcmerge2/src/mainwindow.h">
      </Unit>
      <Unit filename="/home/dhri-karl/tum-lsr-dhri/pointcloud/ckinect_pcmerge2/src/mainwindow.ui">
      </Unit>
      <Unit filename="/home/dhri-karl/tum-lsr-dhri/pointcloud/include/ckinectpcmerge.h">
      </Unit>
      <Unit filename="/home/dhri-karl/tum-lsr-dhri/pointcloud/include/ckinectpcreceiver.h">
      </Unit>
      <Unit filename="/home/dhri-karl/tum-lsr-dhri/pointcloud/include/ckinectpcreceiver.hpp">
      </Unit>
      <Unit filename="/home/dhri-karl/tum-lsr-dhri/pointcloud/include/ckinectthread.h">
      </Unit>
      <Unit filename="/home/dhri-karl/tum-lsr-dhri/pointcloud/include/qnode.hpp">
      </Unit>
      <Unit filename="/home/dhri-karl/tum-lsr-dhri/pointcloud/ckinect_pcmerge2/CMakeLists.txt">
          <Option virtualFolder="CMake Files\" />
      </Unit>
      <Unit filename="/home/dhri-karl/tum-lsr-dhri/pointcloud/ckinect_pcmerge2/../../../../../opt/ros/fuerte/share/ros/core/rosbuild/rosbuild.cmake">
          <Option virtualFolder="CMake Files\..\..\..\..\..\opt\ros\fuerte\share\ros\core\rosbuild\" />
      </Unit>
      <Unit filename="/home/dhri-karl/tum-lsr-dhri/pointcloud/ckinect_pcmerge2/../../../../../opt/ros/fuerte/share/ros/core/rosbuild/private.cmake">
          <Option virtualFolder="CMake Files\..\..\..\..\..\opt\ros\fuerte\share\ros\core\rosbuild\" />
      </Unit>
      <Unit filename="/home/dhri-karl/tum-lsr-dhri/pointcloud/ckinect_pcmerge2/../../../../../opt/ros/fuerte/share/ros/core/rosbuild/public.cmake">
          <Option virtualFolder="CMake Files\..\..\..\..\..\opt\ros\fuerte\share\ros\core\rosbuild\" />
      </Unit>
      <Unit filename="/home/dhri-karl/tum-lsr-dhri/pointcloud/ckinect_pcmerge2/../../../../../opt/ros/fuerte/share/ros/core/rosbuild/ProcessorCount.cmake">
          <Option virtualFolder="CMake Files\..\..\..\..\..\opt\ros\fuerte\share\ros\core\rosbuild\" />
      </Unit>
      <Unit filename="/home/dhri-karl/tum-lsr-dhri/pointcloud/ckinect_pcmerge2/../../../../../opt/ros/fuerte/share/ros/core/rosbuild/rosconfig.cmake">
          <Option virtualFolder="CMake Files\..\..\..\..\..\opt\ros\fuerte\share\ros\core\rosbuild\" />
      </Unit>
      <Unit filename="/home/dhri-karl/tum-lsr-dhri/pointcloud/ckinect_pcmerge2/../../../../../opt/ros/fuerte/share/roslang/cmake/roslang.cmake">
          <Option virtualFolder="CMake Files\..\..\..\..\..\opt\ros\fuerte\share\roslang\cmake\" />
      </Unit>
      <Unit filename="/home/dhri-karl/tum-lsr-dhri/pointcloud/ckinect_pcmerge2/../../../../../opt/ros/fuerte/share/roslisp/rosbuild/roslisp.cmake">
          <Option virtualFolder="CMake Files\..\..\..\..\..\opt\ros\fuerte\share\roslisp\rosbuild\" />
      </Unit>
      <Unit filename="/home/dhri-karl/tum-lsr-dhri/pointcloud/ckinect_pcmerge2/../../../../../opt/ros/fuerte/share/rospy/rosbuild/rospy.cmake">
          <Option virtualFolder="CMake Files\..\..\..\..\..\opt\ros\fuerte\share\rospy\rosbuild\" />
      </Unit>
      <Unit filename="/home/dhri-karl/tum-lsr-dhri/pointcloud/ckinect_pcmerge2/../../../../../opt/ros/fuerte/share/roscpp/rosbuild/roscpp.cmake">
          <Option virtualFolder="CMake Files\..\..\..\..\..\opt\ros\fuerte\share\roscpp\rosbuild\" />
      </Unit>
   </Project>
</CodeBlocks_project_file>
