<?xml version="1.0" encoding="UTF-8" standalone="yes" ?>
<CodeBlocks_project_file>
   <FileVersion major="1" minor="6" />
   <Project>
      <Option title="ckinect_filtering" />
      <Option makefile_is_custom="1" />
      <Option compiler="gcc" />
      <Option virtualFolders="CMake Files\;" />
      <Build>
      <Target title="all">
         <Option working_dir="/home/dhri-karl/cotesys-kinect/ckinect_filtering/qtbuild" />
         <Option type="4" />
         <MakeCommands>
            <Build command="/usr/bin/make -f &quot;/home/dhri-karl/cotesys-kinect/ckinect_filtering/qtbuild/Makefile&quot; all" />
            <CompileFile command="/usr/bin/make -f &quot;/home/dhri-karl/cotesys-kinect/ckinect_filtering/qtbuild/Makefile&quot; &quot;$file&quot;" />
            <Clean command="/usr/bin/make -f &quot;/home/dhri-karl/cotesys-kinect/ckinect_filtering/qtbuild/Makefile&quot; clean" />
            <DistClean command="/usr/bin/make -f &quot;/home/dhri-karl/cotesys-kinect/ckinect_filtering/qtbuild/Makefile&quot; clean" />
         </MakeCommands>
      </Target>
      <Target title="ROSBUILD_genmsg_cpp">
         <Option working_dir="/home/dhri-karl/cotesys-kinect/ckinect_filtering/qtbuild" />
         <Option type="4" />
         <MakeCommands>
            <Build command="/usr/bin/make -f &quot;/home/dhri-karl/cotesys-kinect/ckinect_filtering/qtbuild/Makefile&quot; ROSBUILD_genmsg_cpp" />
            <CompileFile command="/usr/bin/make -f &quot;/home/dhri-karl/cotesys-kinect/ckinect_filtering/qtbuild/Makefile&quot; &quot;$file&quot;" />
            <Clean command="/usr/bin/make -f &quot;/home/dhri-karl/cotesys-kinect/ckinect_filtering/qtbuild/Makefile&quot; clean" />
            <DistClean command="/usr/bin/make -f &quot;/home/dhri-karl/cotesys-kinect/ckinect_filtering/qtbuild/Makefile&quot; clean" />
         </MakeCommands>
      </Target>
      <Target title="ROSBUILD_genmsg_lisp">
         <Option working_dir="/home/dhri-karl/cotesys-kinect/ckinect_filtering/qtbuild" />
         <Option type="4" />
         <MakeCommands>
            <Build command="/usr/bin/make -f &quot;/home/dhri-karl/cotesys-kinect/ckinect_filtering/qtbuild/Makefile&quot; ROSBUILD_genmsg_lisp" />
            <CompileFile command="/usr/bin/make -f &quot;/home/dhri-karl/cotesys-kinect/ckinect_filtering/qtbuild/Makefile&quot; &quot;$file&quot;" />
            <Clean command="/usr/bin/make -f &quot;/home/dhri-karl/cotesys-kinect/ckinect_filtering/qtbuild/Makefile&quot; clean" />
            <DistClean command="/usr/bin/make -f &quot;/home/dhri-karl/cotesys-kinect/ckinect_filtering/qtbuild/Makefile&quot; clean" />
         </MakeCommands>
      </Target>
      <Target title="ROSBUILD_gensrv_cpp">
         <Option working_dir="/home/dhri-karl/cotesys-kinect/ckinect_filtering/qtbuild" />
         <Option type="4" />
         <MakeCommands>
            <Build command="/usr/bin/make -f &quot;/home/dhri-karl/cotesys-kinect/ckinect_filtering/qtbuild/Makefile&quot; ROSBUILD_gensrv_cpp" />
            <CompileFile command="/usr/bin/make -f &quot;/home/dhri-karl/cotesys-kinect/ckinect_filtering/qtbuild/Makefile&quot; &quot;$file&quot;" />
            <Clean command="/usr/bin/make -f &quot;/home/dhri-karl/cotesys-kinect/ckinect_filtering/qtbuild/Makefile&quot; clean" />
            <DistClean command="/usr/bin/make -f &quot;/home/dhri-karl/cotesys-kinect/ckinect_filtering/qtbuild/Makefile&quot; clean" />
         </MakeCommands>
      </Target>
      <Target title="ROSBUILD_gensrv_lisp">
         <Option working_dir="/home/dhri-karl/cotesys-kinect/ckinect_filtering/qtbuild" />
         <Option type="4" />
         <MakeCommands>
            <Build command="/usr/bin/make -f &quot;/home/dhri-karl/cotesys-kinect/ckinect_filtering/qtbuild/Makefile&quot; ROSBUILD_gensrv_lisp" />
            <CompileFile command="/usr/bin/make -f &quot;/home/dhri-karl/cotesys-kinect/ckinect_filtering/qtbuild/Makefile&quot; &quot;$file&quot;" />
            <Clean command="/usr/bin/make -f &quot;/home/dhri-karl/cotesys-kinect/ckinect_filtering/qtbuild/Makefile&quot; clean" />
            <DistClean command="/usr/bin/make -f &quot;/home/dhri-karl/cotesys-kinect/ckinect_filtering/qtbuild/Makefile&quot; clean" />
         </MakeCommands>
      </Target>
      <Target title="ckinect_filtering">
         <Option output="/home/dhri-karl/cotesys-kinect/ckinect_filtering/bin/ckinect_filtering" prefix_auto="0" extension_auto="0" />
         <Option working_dir="/home/dhri-karl/cotesys-kinect/ckinect_filtering/bin" />
         <Option object_output="./" />
         <Option type="1" />
         <Option compiler="gcc" />
         <Compiler>
            <Add directory="/home/dhri-karl/cotesys-kinect/ckinect_filtering/include" />
            <Add directory="/opt/ros/fuerte/include" />
            <Add directory="/opt/ros/fuerte/stacks/geometry/tf/include" />
            <Add directory="/opt/ros/fuerte/stacks/geometry/tf/msg_gen/cpp/include" />
            <Add directory="/opt/ros/fuerte/stacks/geometry/tf/srv_gen/cpp/include" />
            <Add directory="/opt/ros/fuerte/stacks/bullet/include" />
            <Add directory="/opt/ros/fuerte/stacks/geometry/angles/include" />
            <Add directory="/opt/ros/fuerte/include/pcl-1.5" />
            <Add directory="/usr/include/eigen3" />
            <Add directory="/opt/ros/fuerte/stacks/perception_pcl/pcl_ros/include" />
            <Add directory="/opt/ros/fuerte/stacks/perception_pcl/pcl_ros/cfg/cpp" />
            <Add directory="/opt/ros/fuerte/stacks/nodelet_core/nodelet/include" />
            <Add directory="/opt/ros/fuerte/stacks/nodelet_core/nodelet/srv_gen/cpp/include" />
            <Add directory="/opt/ros/fuerte/stacks/pluginlib/include" />
            <Add directory="/opt/ros/fuerte/stacks/pluginlib" />
            <Add directory="/opt/ros/fuerte/stacks/bond_core/bondcpp/include" />
            <Add directory="/opt/ros/fuerte/stacks/bond_core/bond/msg_gen/cpp/include" />
            <Add directory="/opt/ros/fuerte/stacks/bond_core/smclib/include" />
            <Add directory="/opt/ros/fuerte/stacks/nodelet_core/nodelet_topic_tools/include" />
            <Add directory="/opt/ros/fuerte/stacks/dynamic_reconfigure/include" />
            <Add directory="/opt/ros/fuerte/stacks/dynamic_reconfigure/msg/cpp" />
            <Add directory="/opt/ros/fuerte/stacks/dynamic_reconfigure/srv/cpp" />
            <Add directory="/opt/ros/fuerte/stacks/dynamic_reconfigure/msg_gen/cpp/include" />
            <Add directory="/opt/ros/fuerte/stacks/dynamic_reconfigure/srv_gen/cpp/include" />
            <Add directory="/usr/include" />
            <Add directory="/home/dhri-karl/cotesys-kinect/include" />
            <Add directory="/home/dhri-karl/cotesys-kinect/include/pcfilter" />
         </Compiler>
         <MakeCommands>
            <Build command="/usr/bin/make -f &quot;/home/dhri-karl/cotesys-kinect/ckinect_filtering/qtbuild/Makefile&quot; ckinect_filtering" />
            <CompileFile command="/usr/bin/make -f &quot;/home/dhri-karl/cotesys-kinect/ckinect_filtering/qtbuild/Makefile&quot; &quot;$file&quot;" />
            <Clean command="/usr/bin/make -f &quot;/home/dhri-karl/cotesys-kinect/ckinect_filtering/qtbuild/Makefile&quot; clean" />
            <DistClean command="/usr/bin/make -f &quot;/home/dhri-karl/cotesys-kinect/ckinect_filtering/qtbuild/Makefile&quot; clean" />
         </MakeCommands>
      </Target>
      <Target title="ckinect_filtering/fast">
         <Option output="/home/dhri-karl/cotesys-kinect/ckinect_filtering/bin/ckinect_filtering" prefix_auto="0" extension_auto="0" />
         <Option working_dir="/home/dhri-karl/cotesys-kinect/ckinect_filtering/bin" />
         <Option object_output="./" />
         <Option type="1" />
         <Option compiler="gcc" />
         <Compiler>
            <Add directory="/home/dhri-karl/cotesys-kinect/ckinect_filtering/include" />
            <Add directory="/opt/ros/fuerte/include" />
            <Add directory="/opt/ros/fuerte/stacks/geometry/tf/include" />
            <Add directory="/opt/ros/fuerte/stacks/geometry/tf/msg_gen/cpp/include" />
            <Add directory="/opt/ros/fuerte/stacks/geometry/tf/srv_gen/cpp/include" />
            <Add directory="/opt/ros/fuerte/stacks/bullet/include" />
            <Add directory="/opt/ros/fuerte/stacks/geometry/angles/include" />
            <Add directory="/opt/ros/fuerte/include/pcl-1.5" />
            <Add directory="/usr/include/eigen3" />
            <Add directory="/opt/ros/fuerte/stacks/perception_pcl/pcl_ros/include" />
            <Add directory="/opt/ros/fuerte/stacks/perception_pcl/pcl_ros/cfg/cpp" />
            <Add directory="/opt/ros/fuerte/stacks/nodelet_core/nodelet/include" />
            <Add directory="/opt/ros/fuerte/stacks/nodelet_core/nodelet/srv_gen/cpp/include" />
            <Add directory="/opt/ros/fuerte/stacks/pluginlib/include" />
            <Add directory="/opt/ros/fuerte/stacks/pluginlib" />
            <Add directory="/opt/ros/fuerte/stacks/bond_core/bondcpp/include" />
            <Add directory="/opt/ros/fuerte/stacks/bond_core/bond/msg_gen/cpp/include" />
            <Add directory="/opt/ros/fuerte/stacks/bond_core/smclib/include" />
            <Add directory="/opt/ros/fuerte/stacks/nodelet_core/nodelet_topic_tools/include" />
            <Add directory="/opt/ros/fuerte/stacks/dynamic_reconfigure/include" />
            <Add directory="/opt/ros/fuerte/stacks/dynamic_reconfigure/msg/cpp" />
            <Add directory="/opt/ros/fuerte/stacks/dynamic_reconfigure/srv/cpp" />
            <Add directory="/opt/ros/fuerte/stacks/dynamic_reconfigure/msg_gen/cpp/include" />
            <Add directory="/opt/ros/fuerte/stacks/dynamic_reconfigure/srv_gen/cpp/include" />
            <Add directory="/usr/include" />
            <Add directory="/home/dhri-karl/cotesys-kinect/include" />
            <Add directory="/home/dhri-karl/cotesys-kinect/include/pcfilter" />
         </Compiler>
         <MakeCommands>
            <Build command="/usr/bin/make -f &quot;/home/dhri-karl/cotesys-kinect/ckinect_filtering/qtbuild/Makefile&quot; ckinect_filtering/fast" />
            <CompileFile command="/usr/bin/make -f &quot;/home/dhri-karl/cotesys-kinect/ckinect_filtering/qtbuild/Makefile&quot; &quot;$file&quot;" />
            <Clean command="/usr/bin/make -f &quot;/home/dhri-karl/cotesys-kinect/ckinect_filtering/qtbuild/Makefile&quot; clean" />
            <DistClean command="/usr/bin/make -f &quot;/home/dhri-karl/cotesys-kinect/ckinect_filtering/qtbuild/Makefile&quot; clean" />
         </MakeCommands>
      </Target>
      <Target title="clean-test-results">
         <Option working_dir="/home/dhri-karl/cotesys-kinect/ckinect_filtering/qtbuild" />
         <Option type="4" />
         <MakeCommands>
            <Build command="/usr/bin/make -f &quot;/home/dhri-karl/cotesys-kinect/ckinect_filtering/qtbuild/Makefile&quot; clean-test-results" />
            <CompileFile command="/usr/bin/make -f &quot;/home/dhri-karl/cotesys-kinect/ckinect_filtering/qtbuild/Makefile&quot; &quot;$file&quot;" />
            <Clean command="/usr/bin/make -f &quot;/home/dhri-karl/cotesys-kinect/ckinect_filtering/qtbuild/Makefile&quot; clean" />
            <DistClean command="/usr/bin/make -f &quot;/home/dhri-karl/cotesys-kinect/ckinect_filtering/qtbuild/Makefile&quot; clean" />
         </MakeCommands>
      </Target>
      <Target title="rebuild_cache">
         <Option working_dir="/home/dhri-karl/cotesys-kinect/ckinect_filtering/qtbuild" />
         <Option type="4" />
         <MakeCommands>
            <Build command="/usr/bin/make -f &quot;/home/dhri-karl/cotesys-kinect/ckinect_filtering/qtbuild/Makefile&quot; rebuild_cache" />
            <CompileFile command="/usr/bin/make -f &quot;/home/dhri-karl/cotesys-kinect/ckinect_filtering/qtbuild/Makefile&quot; &quot;$file&quot;" />
            <Clean command="/usr/bin/make -f &quot;/home/dhri-karl/cotesys-kinect/ckinect_filtering/qtbuild/Makefile&quot; clean" />
            <DistClean command="/usr/bin/make -f &quot;/home/dhri-karl/cotesys-kinect/ckinect_filtering/qtbuild/Makefile&quot; clean" />
         </MakeCommands>
      </Target>
      <Target title="rosbuild_precompile">
         <Option working_dir="/home/dhri-karl/cotesys-kinect/ckinect_filtering/qtbuild" />
         <Option type="4" />
         <MakeCommands>
            <Build command="/usr/bin/make -f &quot;/home/dhri-karl/cotesys-kinect/ckinect_filtering/qtbuild/Makefile&quot; rosbuild_precompile" />
            <CompileFile command="/usr/bin/make -f &quot;/home/dhri-karl/cotesys-kinect/ckinect_filtering/qtbuild/Makefile&quot; &quot;$file&quot;" />
            <Clean command="/usr/bin/make -f &quot;/home/dhri-karl/cotesys-kinect/ckinect_filtering/qtbuild/Makefile&quot; clean" />
            <DistClean command="/usr/bin/make -f &quot;/home/dhri-karl/cotesys-kinect/ckinect_filtering/qtbuild/Makefile&quot; clean" />
         </MakeCommands>
      </Target>
      <Target title="rosbuild_premsgsrvgen">
         <Option working_dir="/home/dhri-karl/cotesys-kinect/ckinect_filtering/qtbuild" />
         <Option type="4" />
         <MakeCommands>
            <Build command="/usr/bin/make -f &quot;/home/dhri-karl/cotesys-kinect/ckinect_filtering/qtbuild/Makefile&quot; rosbuild_premsgsrvgen" />
            <CompileFile command="/usr/bin/make -f &quot;/home/dhri-karl/cotesys-kinect/ckinect_filtering/qtbuild/Makefile&quot; &quot;$file&quot;" />
            <Clean command="/usr/bin/make -f &quot;/home/dhri-karl/cotesys-kinect/ckinect_filtering/qtbuild/Makefile&quot; clean" />
            <DistClean command="/usr/bin/make -f &quot;/home/dhri-karl/cotesys-kinect/ckinect_filtering/qtbuild/Makefile&quot; clean" />
         </MakeCommands>
      </Target>
      <Target title="rospack_genmsg">
         <Option working_dir="/home/dhri-karl/cotesys-kinect/ckinect_filtering/qtbuild" />
         <Option type="4" />
         <MakeCommands>
            <Build command="/usr/bin/make -f &quot;/home/dhri-karl/cotesys-kinect/ckinect_filtering/qtbuild/Makefile&quot; rospack_genmsg" />
            <CompileFile command="/usr/bin/make -f &quot;/home/dhri-karl/cotesys-kinect/ckinect_filtering/qtbuild/Makefile&quot; &quot;$file&quot;" />
            <Clean command="/usr/bin/make -f &quot;/home/dhri-karl/cotesys-kinect/ckinect_filtering/qtbuild/Makefile&quot; clean" />
            <DistClean command="/usr/bin/make -f &quot;/home/dhri-karl/cotesys-kinect/ckinect_filtering/qtbuild/Makefile&quot; clean" />
         </MakeCommands>
      </Target>
      <Target title="rospack_genmsg_libexe">
         <Option working_dir="/home/dhri-karl/cotesys-kinect/ckinect_filtering/qtbuild" />
         <Option type="4" />
         <MakeCommands>
            <Build command="/usr/bin/make -f &quot;/home/dhri-karl/cotesys-kinect/ckinect_filtering/qtbuild/Makefile&quot; rospack_genmsg_libexe" />
            <CompileFile command="/usr/bin/make -f &quot;/home/dhri-karl/cotesys-kinect/ckinect_filtering/qtbuild/Makefile&quot; &quot;$file&quot;" />
            <Clean command="/usr/bin/make -f &quot;/home/dhri-karl/cotesys-kinect/ckinect_filtering/qtbuild/Makefile&quot; clean" />
            <DistClean command="/usr/bin/make -f &quot;/home/dhri-karl/cotesys-kinect/ckinect_filtering/qtbuild/Makefile&quot; clean" />
         </MakeCommands>
      </Target>
      <Target title="rospack_gensrv">
         <Option working_dir="/home/dhri-karl/cotesys-kinect/ckinect_filtering/qtbuild" />
         <Option type="4" />
         <MakeCommands>
            <Build command="/usr/bin/make -f &quot;/home/dhri-karl/cotesys-kinect/ckinect_filtering/qtbuild/Makefile&quot; rospack_gensrv" />
            <CompileFile command="/usr/bin/make -f &quot;/home/dhri-karl/cotesys-kinect/ckinect_filtering/qtbuild/Makefile&quot; &quot;$file&quot;" />
            <Clean command="/usr/bin/make -f &quot;/home/dhri-karl/cotesys-kinect/ckinect_filtering/qtbuild/Makefile&quot; clean" />
            <DistClean command="/usr/bin/make -f &quot;/home/dhri-karl/cotesys-kinect/ckinect_filtering/qtbuild/Makefile&quot; clean" />
         </MakeCommands>
      </Target>
      <Target title="test">
         <Option working_dir="/home/dhri-karl/cotesys-kinect/ckinect_filtering/qtbuild" />
         <Option type="4" />
         <MakeCommands>
            <Build command="/usr/bin/make -f &quot;/home/dhri-karl/cotesys-kinect/ckinect_filtering/qtbuild/Makefile&quot; test" />
            <CompileFile command="/usr/bin/make -f &quot;/home/dhri-karl/cotesys-kinect/ckinect_filtering/qtbuild/Makefile&quot; &quot;$file&quot;" />
            <Clean command="/usr/bin/make -f &quot;/home/dhri-karl/cotesys-kinect/ckinect_filtering/qtbuild/Makefile&quot; clean" />
            <DistClean command="/usr/bin/make -f &quot;/home/dhri-karl/cotesys-kinect/ckinect_filtering/qtbuild/Makefile&quot; clean" />
         </MakeCommands>
      </Target>
      <Target title="test-future">
         <Option working_dir="/home/dhri-karl/cotesys-kinect/ckinect_filtering/qtbuild" />
         <Option type="4" />
         <MakeCommands>
            <Build command="/usr/bin/make -f &quot;/home/dhri-karl/cotesys-kinect/ckinect_filtering/qtbuild/Makefile&quot; test-future" />
            <CompileFile command="/usr/bin/make -f &quot;/home/dhri-karl/cotesys-kinect/ckinect_filtering/qtbuild/Makefile&quot; &quot;$file&quot;" />
            <Clean command="/usr/bin/make -f &quot;/home/dhri-karl/cotesys-kinect/ckinect_filtering/qtbuild/Makefile&quot; clean" />
            <DistClean command="/usr/bin/make -f &quot;/home/dhri-karl/cotesys-kinect/ckinect_filtering/qtbuild/Makefile&quot; clean" />
         </MakeCommands>
      </Target>
      <Target title="test-results">
         <Option working_dir="/home/dhri-karl/cotesys-kinect/ckinect_filtering/qtbuild" />
         <Option type="4" />
         <MakeCommands>
            <Build command="/usr/bin/make -f &quot;/home/dhri-karl/cotesys-kinect/ckinect_filtering/qtbuild/Makefile&quot; test-results" />
            <CompileFile command="/usr/bin/make -f &quot;/home/dhri-karl/cotesys-kinect/ckinect_filtering/qtbuild/Makefile&quot; &quot;$file&quot;" />
            <Clean command="/usr/bin/make -f &quot;/home/dhri-karl/cotesys-kinect/ckinect_filtering/qtbuild/Makefile&quot; clean" />
            <DistClean command="/usr/bin/make -f &quot;/home/dhri-karl/cotesys-kinect/ckinect_filtering/qtbuild/Makefile&quot; clean" />
         </MakeCommands>
      </Target>
      <Target title="test-results-run">
         <Option working_dir="/home/dhri-karl/cotesys-kinect/ckinect_filtering/qtbuild" />
         <Option type="4" />
         <MakeCommands>
            <Build command="/usr/bin/make -f &quot;/home/dhri-karl/cotesys-kinect/ckinect_filtering/qtbuild/Makefile&quot; test-results-run" />
            <CompileFile command="/usr/bin/make -f &quot;/home/dhri-karl/cotesys-kinect/ckinect_filtering/qtbuild/Makefile&quot; &quot;$file&quot;" />
            <Clean command="/usr/bin/make -f &quot;/home/dhri-karl/cotesys-kinect/ckinect_filtering/qtbuild/Makefile&quot; clean" />
            <DistClean command="/usr/bin/make -f &quot;/home/dhri-karl/cotesys-kinect/ckinect_filtering/qtbuild/Makefile&quot; clean" />
         </MakeCommands>
      </Target>
      <Target title="tests">
         <Option working_dir="/home/dhri-karl/cotesys-kinect/ckinect_filtering/qtbuild" />
         <Option type="4" />
         <MakeCommands>
            <Build command="/usr/bin/make -f &quot;/home/dhri-karl/cotesys-kinect/ckinect_filtering/qtbuild/Makefile&quot; tests" />
            <CompileFile command="/usr/bin/make -f &quot;/home/dhri-karl/cotesys-kinect/ckinect_filtering/qtbuild/Makefile&quot; &quot;$file&quot;" />
            <Clean command="/usr/bin/make -f &quot;/home/dhri-karl/cotesys-kinect/ckinect_filtering/qtbuild/Makefile&quot; clean" />
            <DistClean command="/usr/bin/make -f &quot;/home/dhri-karl/cotesys-kinect/ckinect_filtering/qtbuild/Makefile&quot; clean" />
         </MakeCommands>
      </Target>
      </Build>
      <Unit filename="/home/dhri-karl/cotesys-kinect/ckinect_filtering/src/ckinect_filtering.cpp">
      </Unit>
      <Unit filename="/home/dhri-karl/cotesys-kinect/include/ckinectfiltering.cpp">
      </Unit>
      <Unit filename="/home/dhri-karl/cotesys-kinect/include/ckinect.h">
      </Unit>
      <Unit filename="/home/dhri-karl/cotesys-kinect/include/ckinect.hpp">
      </Unit>
      <Unit filename="/home/dhri-karl/cotesys-kinect/include/ckinectfiltering.h">
      </Unit>
      <Unit filename="/home/dhri-karl/cotesys-kinect/include/pcfilter/pcfilter.h">
      </Unit>
      <Unit filename="/home/dhri-karl/cotesys-kinect/include/pcfilter/pcfilter.hpp">
      </Unit>
      <Unit filename="/home/dhri-karl/cotesys-kinect/ckinect_filtering/CMakeLists.txt">
          <Option virtualFolder="CMake Files\" />
      </Unit>
   </Project>
</CodeBlocks_project_file>
